
Microsoft Visual Studio Solution File, Format Version 12.00
# Visual Studio Version 17
VisualStudioVersion = 17.2.32630.192
MinimumVisualStudioVersion = 10.0.40219.1
Project("{FAE04EC0-301F-11D3-BF4B-00C04F79EFBC}") = "WeatherManagement", "WeatherManagement\WeatherManagement.csproj", "{6418D2F4-0F9C-4771-9D3A-7C75E237B5AA}"
EndProject
Project("{FAE04EC0-301F-11D3-BF4B-00C04F79EFBC}") = "WeatherDatabase", "WeatherDatabase\WeatherDatabase.csproj", "{5EC09E41-7AEC-439C-A043-FE68E095541F}"
EndProject
Project("{FAE04EC0-301F-11D3-BF4B-00C04F79EFBC}") = "Model", "Model\Model.csproj", "{E3A272DC-1B35-4AD7-A436-7B2F82AA580B}"
EndProject
Global
	GlobalSection(SolutionConfigurationPlatforms) = preSolution
		Debug|Any CPU = Debug|Any CPU
		Release|Any CPU = Release|Any CPU
	EndGlobalSection
	GlobalSection(ProjectConfigurationPlatforms) = postSolution
		{6418D2F4-0F9C-4771-9D3A-7C75E237B5AA}.Debug|Any CPU.ActiveCfg = Debug|Any CPU
		{6418D2F4-0F9C-4771-9D3A-7C75E237B5AA}.Debug|Any CPU.Build.0 = Debug|Any CPU
		{6418D2F4-0F9C-4771-9D3A-7C75E237B5AA}.Release|Any CPU.ActiveCfg = Release|Any CPU
		{6418D2F4-0F9C-4771-9D3A-7C75E237B5AA}.Release|Any CPU.Build.0 = Release|Any CPU
		{5EC09E41-7AEC-439C-A043-FE68E095541F}.Debug|Any CPU.ActiveCfg = Debug|Any CPU
		{5EC09E41-7AEC-439C-A043-FE68E095541F}.Debug|Any CPU.Build.0 = Debug|Any CPU
		{5EC09E41-7AEC-439C-A043-FE68E095541F}.Release|Any CPU.ActiveCfg = Release|Any CPU
		{5EC09E41-7AEC-439C-A043-FE68E095541F}.Release|Any CPU.Build.0 = Release|Any CPU
		{E3A272DC-1B35-4AD7-A436-7B2F82AA580B}.Debug|Any CPU.ActiveCfg = Debug|Any CPU
		{E3A272DC-1B35-4AD7-A436-7B2F82AA580B}.Debug|Any CPU.Build.0 = Debug|Any CPU
		{E3A272DC-1B35-4AD7-A436-7B2F82AA580B}.Release|Any CPU.ActiveCfg = Release|Any CPU
		{E3A272DC-1B35-4AD7-A436-7B2F82AA580B}.Release|Any CPU.Build.0 = Release|Any CPU
	EndGlobalSection
	GlobalSection(SolutionProperties) = preSolution
		HideSolutionNode = FALSE
	EndGlobalSection
	GlobalSection(ExtensibilityGlobals) = postSolution
		SolutionGuid = {0D276846-A7B2-48A4-A05D-4234215A2D99}
	EndGlobalSection
EndGlobal
